
Microsoft Visual Studio Solution File, Format Version 9.00
# Visual Studio 2005
Project("{FAE04EC0-301F-11D3-BF4B-00C04F79EFBC}") = "Producer", "Producer.csproj", "{608377E9-1CD4-428F-B59C-FBA88112213F}"
EndProject
Project("{FAE04EC0-301F-11D3-BF4B-00C04F79EFBC}") = "Consumer", "Consumer.csproj", "{40D9ED17-34A1-4801-BCE6-67D1664F4E11}"
EndProject
Global
	GlobalSection(SolutionConfigurationPlatforms) = preSolution
		Debug|Any CPU = Debug|Any CPU
		Release|Any CPU = Release|Any CPU
	EndGlobalSection
	GlobalSection(ProjectConfigurationPlatforms) = postSolution
		{608377E9-1CD4-428F-B59C-FBA88112213F}.Debug|Any CPU.ActiveCfg = Debug|Any CPU
		{608377E9-1CD4-428F-B59C-FBA88112213F}.Debug|Any CPU.Build.0 = Debug|Any CPU
		{608377E9-1CD4-428F-B59C-FBA88112213F}.Release|Any CPU.ActiveCfg = Release|Any CPU
		{608377E9-1CD4-428F-B59C-FBA88112213F}.Release|Any CPU.Build.0 = Release|Any CPU
		{40D9ED17-34A1-4801-BCE6-67D1664F4E11}.Debug|Any CPU.ActiveCfg = Debug|Any CPU
		{40D9ED17-34A1-4801-BCE6-67D1664F4E11}.Debug|Any CPU.Build.0 = Debug|Any CPU
		{40D9ED17-34A1-4801-BCE6-67D1664F4E11}.Release|Any CPU.ActiveCfg = Release|Any CPU
		{40D9ED17-34A1-4801-BCE6-67D1664F4E11}.Release|Any CPU.Build.0 = Release|Any CPU
	EndGlobalSection
	GlobalSection(SolutionProperties) = preSolution
		HideSolutionNode = FALSE
	EndGlobalSection
EndGlobal
